<?xml version="1.0" encoding="utf-8"?>
<Project ToolsVersion="4.0" xmlns="http://schemas.microsoft.com/developer/msbuild/2003">
  <ItemGroup>
    <Filter Include="Fichiers sources">
      <UniqueIdentifier>{4FC737F1-C7A5-4376-A066-2A32D752A2FF}</UniqueIdentifier>
      <Extensions>cpp;c;cc;cxx;c++;cppm;ixx;def;odl;idl;hpj;bat;asm;asmx</Extensions>
    </Filter>
    <Filter Include="Fichiers d%27en-tête">
      <UniqueIdentifier>{93995380-89BD-4b04-88EB-625FBE52EBFB}</UniqueIdentifier>
      <Extensions>h;hh;hpp;hxx;h++;hm;inl;inc;ipp;xsd</Extensions>
    </Filter>
    <Filter Include="Fichiers de ressources">
      <UniqueIdentifier>{67DA6AB6-F800-4c08-8B7A-83BB121AAD01}</UniqueIdentifier>
      <Extensions>rc;ico;cur;bmp;dlg;rc2;rct;bin;rgs;gif;jpg;jpeg;jpe;resx;tiff;tif;png;wav;mfcribbon-ms</Extensions>
    </Filter>
    <Filter Include="Fichiers sources\Ecran">
      <UniqueIdentifier>{f63f699a-741a-41c0-b2f6-b8ada7790f58}</UniqueIdentifier>
    </Filter>
    <Filter Include="Fichiers sources\GrilleSDL">
      <UniqueIdentifier>{cc86ed44-4dbd-4730-a25d-b8f0c1c8eb6d}</UniqueIdentifier>
    </Filter>
    <Filter Include="Fichiers sources\images">
      <UniqueIdentifier>{30ddafa3-1745-400b-ac47-963c5bb3c5d4}</UniqueIdentifier>
    </Filter>
    <Filter Include="Fichiers sources\Ressources">
      <UniqueIdentifier>{64c21938-db8a-4434-a989-4bfe60d6512f}</UniqueIdentifier>
    </Filter>
  </ItemGroup>
  <ItemGroup>
    <ClCompile Include="Ecran\Ecran.c">
      <Filter>Fichiers sources\Ecran</Filter>
    </ClCompile>
    <ClCompile Include="GrilleSDL\GrilleSDL.c">
      <Filter>Fichiers sources\GrilleSDL</Filter>
    </ClCompile>
    <ClCompile Include="Ressources\Ressources.c">
      <Filter>Fichiers sources\Ressources</Filter>
    </ClCompile>
    <ClCompile Include="SpaceBalls.c">
      <Filter>Fichiers sources</Filter>
    </ClCompile>
  </ItemGroup>
  <ItemGroup>
    <ClInclude Include="Ecran\Ecran.h">
      <Filter>Fichiers sources\Ecran</Filter>
    </ClInclude>
    <ClInclude Include="GrilleSDL\GrilleSDL.h">
      <Filter>Fichiers sources\GrilleSDL</Filter>
    </ClInclude>
    <ClInclude Include="Ressources\Ressources.h">
      <Filter>Fichiers sources\Ressources</Filter>
    </ClInclude>
  </ItemGroup>
  <ItemGroup>
    <Image Include="images\BilleBleue32.bmp">
      <Filter>Fichiers sources\images</Filter>
    </Image>
    <Image Include="images\BilleGrise32.bmp">
      <Filter>Fichiers sources\images</Filter>
    </Image>
    <Image Include="images\BilleJaune32.bmp">
      <Filter>Fichiers sources\images</Filter>
    </Image>
    <Image Include="images\BilleMagenta32.bmp">
      <Filter>Fichiers sources\images</Filter>
    </Image>
    <Image Include="images\BilleMauve32.bmp">
      <Filter>Fichiers sources\images</Filter>
    </Image>
    <Image Include="images\BilleRouge32.bmp">
      <Filter>Fichiers sources\images</Filter>
    </Image>
    <Image Include="images\BilleVerte32.bmp">
      <Filter>Fichiers sources\images</Filter>
    </Image>
    <Image Include="images\ImageFond.bmp">
      <Filter>Fichiers sources\images</Filter>
    </Image>
    <Image Include="images\Mur32.bmp">
      <Filter>Fichiers sources\images</Filter>
    </Image>
    <Image Include="images\Numero1.bmp">
      <Filter>Fichiers sources\images</Filter>
    </Image>
    <Image Include="images\Numero2.bmp">
      <Filter>Fichiers sources\images</Filter>
    </Image>
    <Image Include="images\Numero3.bmp">
      <Filter>Fichiers sources\images</Filter>
    </Image>
    <Image Include="images\Numero4.bmp">
      <Filter>Fichiers sources\images</Filter>
    </Image>
    <Image Include="images\RaquetteJaune32_160.bmp">
      <Filter>Fichiers sources\images</Filter>
    </Image>
    <Image Include="images\RaquetteMauve32_160.bmp">
      <Filter>Fichiers sources\images</Filter>
    </Image>
    <Image Include="images\RaquetteRouge32_160.bmp">
      <Filter>Fichiers sources\images</Filter>
    </Image>
    <Image Include="images\RaquetteVerte32_160.bmp">
      <Filter>Fichiers sources\images</Filter>
    </Image>
    <Image Include="images\Verrou32.bmp">
      <Filter>Fichiers sources\images</Filter>
    </Image>
  </ItemGroup>
  <ItemGroup>
    <None Include="packages.config" />
  </ItemGroup>
</Project>